
Microsoft Visual Studio Solution File, Format Version 12.00
# Visual Studio Version 17
VisualStudioVersion = 17.11.35327.3
MinimumVisualStudioVersion = 10.0.40219.1
Project("{FAE04EC0-301F-11D3-BF4B-00C04F79EFBC}") = "parke-siparis", "parke-siparis\parke-siparis.csproj", "{3D0AEA0A-24FD-40B3-8735-4294A7591D7C}"
EndProject
Global
	GlobalSection(SolutionConfigurationPlatforms) = preSolution
		Debug|Any CPU = Debug|Any CPU
		Release|Any CPU = Release|Any CPU
	EndGlobalSection
	GlobalSection(ProjectConfigurationPlatforms) = postSolution
		{3D0AEA0A-24FD-40B3-8735-4294A7591D7C}.Debug|Any CPU.ActiveCfg = Debug|Any CPU
		{3D0AEA0A-24FD-40B3-8735-4294A7591D7C}.Debug|Any CPU.Build.0 = Debug|Any CPU
		{3D0AEA0A-24FD-40B3-8735-4294A7591D7C}.Release|Any CPU.ActiveCfg = Release|Any CPU
		{3D0AEA0A-24FD-40B3-8735-4294A7591D7C}.Release|Any CPU.Build.0 = Release|Any CPU
	EndGlobalSection
	GlobalSection(SolutionProperties) = preSolution
		HideSolutionNode = FALSE
	EndGlobalSection
	GlobalSection(ExtensibilityGlobals) = postSolution
		SolutionGuid = {E33D3EFB-D9DE-43C2-A39D-D6C14AC928C7}
	EndGlobalSection
EndGlobal
